
Microsoft Visual Studio Solution File, Format Version 12.00
# Visual Studio Version 16
VisualStudioVersion = 16.0.31005.135
MinimumVisualStudioVersion = 10.0.40219.1
Project("{FAE04EC0-301F-11D3-BF4B-00C04F79EFBC}") = "MarsRover", "MarsRover\MarsRover.csproj", "{6A786328-ECBB-4715-A762-C8F9BD290FE8}"
EndProject
Project("{FAE04EC0-301F-11D3-BF4B-00C04F79EFBC}") = "MarsRover.Test", "MarsRover.Test\MarsRover.Test.csproj", "{3A30C94D-8450-4BB1-B2A8-B64410814810}"
EndProject
Global
	GlobalSection(SolutionConfigurationPlatforms) = preSolution
		Debug|Any CPU = Debug|Any CPU
		Release|Any CPU = Release|Any CPU
	EndGlobalSection
	GlobalSection(ProjectConfigurationPlatforms) = postSolution
		{6A786328-ECBB-4715-A762-C8F9BD290FE8}.Debug|Any CPU.ActiveCfg = Debug|Any CPU
		{6A786328-ECBB-4715-A762-C8F9BD290FE8}.Debug|Any CPU.Build.0 = Debug|Any CPU
		{6A786328-ECBB-4715-A762-C8F9BD290FE8}.Release|Any CPU.ActiveCfg = Release|Any CPU
		{6A786328-ECBB-4715-A762-C8F9BD290FE8}.Release|Any CPU.Build.0 = Release|Any CPU
		{3A30C94D-8450-4BB1-B2A8-B64410814810}.Debug|Any CPU.ActiveCfg = Debug|Any CPU
		{3A30C94D-8450-4BB1-B2A8-B64410814810}.Debug|Any CPU.Build.0 = Debug|Any CPU
		{3A30C94D-8450-4BB1-B2A8-B64410814810}.Release|Any CPU.ActiveCfg = Release|Any CPU
		{3A30C94D-8450-4BB1-B2A8-B64410814810}.Release|Any CPU.Build.0 = Release|Any CPU
	EndGlobalSection
	GlobalSection(SolutionProperties) = preSolution
		HideSolutionNode = FALSE
	EndGlobalSection
	GlobalSection(ExtensibilityGlobals) = postSolution
		SolutionGuid = {F80AD6DC-4DBE-42C7-A972-FCE36D6E3848}
	EndGlobalSection
EndGlobal
